
Microsoft Visual Studio Solution File, Format Version 12.00
# Visual Studio 15
VisualStudioVersion = 15.0.27130.2010
MinimumVisualStudioVersion = 10.0.40219.1
Project("{FAE04EC0-301F-11D3-BF4B-00C04F79EFBC}") = "MagneticPositioningGUI", "MagneticPositioningGUI\MagneticPositioningGUI.csproj", "{0BD19C2F-382C-4E6B-9158-D9B5C2805FA8}"
EndProject
Global
	GlobalSection(SolutionConfigurationPlatforms) = preSolution
		Debug|Any CPU = Debug|Any CPU
		Release|Any CPU = Release|Any CPU
	EndGlobalSection
	GlobalSection(ProjectConfigurationPlatforms) = postSolution
		{0BD19C2F-382C-4E6B-9158-D9B5C2805FA8}.Debug|Any CPU.ActiveCfg = Debug|Any CPU
		{0BD19C2F-382C-4E6B-9158-D9B5C2805FA8}.Debug|Any CPU.Build.0 = Debug|Any CPU
		{0BD19C2F-382C-4E6B-9158-D9B5C2805FA8}.Release|Any CPU.ActiveCfg = Release|Any CPU
		{0BD19C2F-382C-4E6B-9158-D9B5C2805FA8}.Release|Any CPU.Build.0 = Release|Any CPU
	EndGlobalSection
	GlobalSection(SolutionProperties) = preSolution
		HideSolutionNode = FALSE
	EndGlobalSection
	GlobalSection(ExtensibilityGlobals) = postSolution
		SolutionGuid = {A4518186-CFD3-4466-9407-D844758C1D3E}
	EndGlobalSection
EndGlobal
